
Microsoft Visual Studio Solution File, Format Version 12.00
# Visual Studio Version 17
VisualStudioVersion = 17.1.32414.318
MinimumVisualStudioVersion = 10.0.40219.1
Project("{FAE04EC0-301F-11D3-BF4B-00C04F79EFBC}") = "FoodStore-ADO", "FoodStore-ADO.csproj", "{94BA8549-26B4-4B64-84A2-9EAD235C5F83}"
EndProject
Global
	GlobalSection(SolutionConfigurationPlatforms) = preSolution
		Debug|x86 = Debug|x86
		Release|x86 = Release|x86
	EndGlobalSection
	GlobalSection(ProjectConfigurationPlatforms) = postSolution
		{94BA8549-26B4-4B64-84A2-9EAD235C5F83}.Debug|x86.ActiveCfg = Debug|x86
		{94BA8549-26B4-4B64-84A2-9EAD235C5F83}.Debug|x86.Build.0 = Debug|x86
		{94BA8549-26B4-4B64-84A2-9EAD235C5F83}.Release|x86.ActiveCfg = Release|x86
		{94BA8549-26B4-4B64-84A2-9EAD235C5F83}.Release|x86.Build.0 = Release|x86
	EndGlobalSection
	GlobalSection(SolutionProperties) = preSolution
		HideSolutionNode = FALSE
	EndGlobalSection
	GlobalSection(ExtensibilityGlobals) = postSolution
		SolutionGuid = {AB0BD3DF-043B-46C0-A27C-C2C8FA8F1ED3}
	EndGlobalSection
EndGlobal
